
Microsoft Visual Studio Solution File, Format Version 12.00
# Visual Studio Version 17
VisualStudioVersion = 17.8.34511.84
MinimumVisualStudioVersion = 10.0.40219.1
Project("{8BC9CEB8-8B4A-11D0-8D11-00A0C91BC942}") = "Lesson #19  Recursion", "Lesson #19  Recursion\Lesson #19  Recursion.vcxproj", "{01583C4E-3173-4FB9-877A-4191D0E39EB8}"
EndProject
Global
	GlobalSection(SolutionConfigurationPlatforms) = preSolution
		Debug|x64 = Debug|x64
		Debug|x86 = Debug|x86
		Release|x64 = Release|x64
		Release|x86 = Release|x86
	EndGlobalSection
	GlobalSection(ProjectConfigurationPlatforms) = postSolution
		{01583C4E-3173-4FB9-877A-4191D0E39EB8}.Debug|x64.ActiveCfg = Debug|x64
		{01583C4E-3173-4FB9-877A-4191D0E39EB8}.Debug|x64.Build.0 = Debug|x64
		{01583C4E-3173-4FB9-877A-4191D0E39EB8}.Debug|x86.ActiveCfg = Debug|Win32
		{01583C4E-3173-4FB9-877A-4191D0E39EB8}.Debug|x86.Build.0 = Debug|Win32
		{01583C4E-3173-4FB9-877A-4191D0E39EB8}.Release|x64.ActiveCfg = Release|x64
		{01583C4E-3173-4FB9-877A-4191D0E39EB8}.Release|x64.Build.0 = Release|x64
		{01583C4E-3173-4FB9-877A-4191D0E39EB8}.Release|x86.ActiveCfg = Release|Win32
		{01583C4E-3173-4FB9-877A-4191D0E39EB8}.Release|x86.Build.0 = Release|Win32
	EndGlobalSection
	GlobalSection(SolutionProperties) = preSolution
		HideSolutionNode = FALSE
	EndGlobalSection
	GlobalSection(ExtensibilityGlobals) = postSolution
		SolutionGuid = {9931AF5C-E084-4930-9825-29B6C46B85ED}
	EndGlobalSection
EndGlobal
