
Microsoft Visual Studio Solution File, Format Version 12.00
# Visual Studio Version 17
VisualStudioVersion = 17.8.34511.84
MinimumVisualStudioVersion = 10.0.40219.1
Project("{8BC9CEB8-8B4A-11D0-8D11-00A0C91BC942}") = "Problem 37-2", "Problem 37-2\Problem 37-2.vcxproj", "{17CFFC45-AFE8-4F83-A31D-BEF751857CDF}"
EndProject
Global
	GlobalSection(SolutionConfigurationPlatforms) = preSolution
		Debug|x64 = Debug|x64
		Debug|x86 = Debug|x86
		Release|x64 = Release|x64
		Release|x86 = Release|x86
	EndGlobalSection
	GlobalSection(ProjectConfigurationPlatforms) = postSolution
		{17CFFC45-AFE8-4F83-A31D-BEF751857CDF}.Debug|x64.ActiveCfg = Debug|x64
		{17CFFC45-AFE8-4F83-A31D-BEF751857CDF}.Debug|x64.Build.0 = Debug|x64
		{17CFFC45-AFE8-4F83-A31D-BEF751857CDF}.Debug|x86.ActiveCfg = Debug|Win32
		{17CFFC45-AFE8-4F83-A31D-BEF751857CDF}.Debug|x86.Build.0 = Debug|Win32
		{17CFFC45-AFE8-4F83-A31D-BEF751857CDF}.Release|x64.ActiveCfg = Release|x64
		{17CFFC45-AFE8-4F83-A31D-BEF751857CDF}.Release|x64.Build.0 = Release|x64
		{17CFFC45-AFE8-4F83-A31D-BEF751857CDF}.Release|x86.ActiveCfg = Release|Win32
		{17CFFC45-AFE8-4F83-A31D-BEF751857CDF}.Release|x86.Build.0 = Release|Win32
	EndGlobalSection
	GlobalSection(SolutionProperties) = preSolution
		HideSolutionNode = FALSE
	EndGlobalSection
	GlobalSection(ExtensibilityGlobals) = postSolution
		SolutionGuid = {FA99478F-1441-4FCF-A67E-C4539BC01528}
	EndGlobalSection
EndGlobal
