
Microsoft Visual Studio Solution File, Format Version 12.00
# Visual Studio Version 17
VisualStudioVersion = 17.9.34728.123
MinimumVisualStudioVersion = 10.0.40219.1
Project("{8BC9CEB8-8B4A-11D0-8D11-00A0C91BC942}") = "String Library Project", "String Library Project\String Library Project.vcxproj", "{B8E0F6D4-0CC5-47EA-AE23-1FF483D21171}"
EndProject
Global
	GlobalSection(SolutionConfigurationPlatforms) = preSolution
		Debug|x64 = Debug|x64
		Debug|x86 = Debug|x86
		Release|x64 = Release|x64
		Release|x86 = Release|x86
	EndGlobalSection
	GlobalSection(ProjectConfigurationPlatforms) = postSolution
		{B8E0F6D4-0CC5-47EA-AE23-1FF483D21171}.Debug|x64.ActiveCfg = Debug|x64
		{B8E0F6D4-0CC5-47EA-AE23-1FF483D21171}.Debug|x64.Build.0 = Debug|x64
		{B8E0F6D4-0CC5-47EA-AE23-1FF483D21171}.Debug|x86.ActiveCfg = Debug|Win32
		{B8E0F6D4-0CC5-47EA-AE23-1FF483D21171}.Debug|x86.Build.0 = Debug|Win32
		{B8E0F6D4-0CC5-47EA-AE23-1FF483D21171}.Release|x64.ActiveCfg = Release|x64
		{B8E0F6D4-0CC5-47EA-AE23-1FF483D21171}.Release|x64.Build.0 = Release|x64
		{B8E0F6D4-0CC5-47EA-AE23-1FF483D21171}.Release|x86.ActiveCfg = Release|Win32
		{B8E0F6D4-0CC5-47EA-AE23-1FF483D21171}.Release|x86.Build.0 = Release|Win32
	EndGlobalSection
	GlobalSection(SolutionProperties) = preSolution
		HideSolutionNode = FALSE
	EndGlobalSection
	GlobalSection(ExtensibilityGlobals) = postSolution
		SolutionGuid = {EDA41834-B991-4928-BB69-8E5ABA99D294}
	EndGlobalSection
EndGlobal
