
Microsoft Visual Studio Solution File, Format Version 12.00
# Visual Studio Version 17
VisualStudioVersion = 17.8.34511.84
MinimumVisualStudioVersion = 10.0.40219.1
Project("{8BC9CEB8-8B4A-11D0-8D11-00A0C91BC942}") = "Problem47-2", "Problem47-2\Problem47-2.vcxproj", "{CF5AACEA-F608-4E49-A049-A06187C3387A}"
EndProject
Global
	GlobalSection(SolutionConfigurationPlatforms) = preSolution
		Debug|x64 = Debug|x64
		Debug|x86 = Debug|x86
		Release|x64 = Release|x64
		Release|x86 = Release|x86
	EndGlobalSection
	GlobalSection(ProjectConfigurationPlatforms) = postSolution
		{CF5AACEA-F608-4E49-A049-A06187C3387A}.Debug|x64.ActiveCfg = Debug|x64
		{CF5AACEA-F608-4E49-A049-A06187C3387A}.Debug|x64.Build.0 = Debug|x64
		{CF5AACEA-F608-4E49-A049-A06187C3387A}.Debug|x86.ActiveCfg = Debug|Win32
		{CF5AACEA-F608-4E49-A049-A06187C3387A}.Debug|x86.Build.0 = Debug|Win32
		{CF5AACEA-F608-4E49-A049-A06187C3387A}.Release|x64.ActiveCfg = Release|x64
		{CF5AACEA-F608-4E49-A049-A06187C3387A}.Release|x64.Build.0 = Release|x64
		{CF5AACEA-F608-4E49-A049-A06187C3387A}.Release|x86.ActiveCfg = Release|Win32
		{CF5AACEA-F608-4E49-A049-A06187C3387A}.Release|x86.Build.0 = Release|Win32
	EndGlobalSection
	GlobalSection(SolutionProperties) = preSolution
		HideSolutionNode = FALSE
	EndGlobalSection
	GlobalSection(ExtensibilityGlobals) = postSolution
		SolutionGuid = {DA6501D7-F383-45CA-80EE-00347B05570C}
	EndGlobalSection
EndGlobal
