
Microsoft Visual Studio Solution File, Format Version 12.00
# Visual Studio Version 17
VisualStudioVersion = 17.9.34728.123
MinimumVisualStudioVersion = 10.0.40219.1
Project("{8BC9CEB8-8B4A-11D0-8D11-00A0C91BC942}") = "Copy Constructors", "Copy Constructors\Copy Constructors.vcxproj", "{0920E8DD-6ED2-4F8A-9995-28DDCE215CDD}"
EndProject
Global
	GlobalSection(SolutionConfigurationPlatforms) = preSolution
		Debug|x64 = Debug|x64
		Debug|x86 = Debug|x86
		Release|x64 = Release|x64
		Release|x86 = Release|x86
	EndGlobalSection
	GlobalSection(ProjectConfigurationPlatforms) = postSolution
		{0920E8DD-6ED2-4F8A-9995-28DDCE215CDD}.Debug|x64.ActiveCfg = Debug|x64
		{0920E8DD-6ED2-4F8A-9995-28DDCE215CDD}.Debug|x64.Build.0 = Debug|x64
		{0920E8DD-6ED2-4F8A-9995-28DDCE215CDD}.Debug|x86.ActiveCfg = Debug|Win32
		{0920E8DD-6ED2-4F8A-9995-28DDCE215CDD}.Debug|x86.Build.0 = Debug|Win32
		{0920E8DD-6ED2-4F8A-9995-28DDCE215CDD}.Release|x64.ActiveCfg = Release|x64
		{0920E8DD-6ED2-4F8A-9995-28DDCE215CDD}.Release|x64.Build.0 = Release|x64
		{0920E8DD-6ED2-4F8A-9995-28DDCE215CDD}.Release|x86.ActiveCfg = Release|Win32
		{0920E8DD-6ED2-4F8A-9995-28DDCE215CDD}.Release|x86.Build.0 = Release|Win32
	EndGlobalSection
	GlobalSection(SolutionProperties) = preSolution
		HideSolutionNode = FALSE
	EndGlobalSection
	GlobalSection(ExtensibilityGlobals) = postSolution
		SolutionGuid = {8A40D5AD-6145-4E11-AA6D-C2DFABD41297}
	EndGlobalSection
EndGlobal
