
Microsoft Visual Studio Solution File, Format Version 12.00
# Visual Studio Version 17
VisualStudioVersion = 17.8.34511.84
MinimumVisualStudioVersion = 10.0.40219.1
Project("{8BC9CEB8-8B4A-11D0-8D11-00A0C91BC942}") = "Lesson #17 - Call Stack Call Hierarchy", "Lesson #17 - Call Stack Call Hierarchy\Lesson #17 - Call Stack Call Hierarchy.vcxproj", "{FC392FF8-1504-4A13-BF28-F1DB54FA612B}"
EndProject
Global
	GlobalSection(SolutionConfigurationPlatforms) = preSolution
		Debug|x64 = Debug|x64
		Debug|x86 = Debug|x86
		Release|x64 = Release|x64
		Release|x86 = Release|x86
	EndGlobalSection
	GlobalSection(ProjectConfigurationPlatforms) = postSolution
		{FC392FF8-1504-4A13-BF28-F1DB54FA612B}.Debug|x64.ActiveCfg = Debug|x64
		{FC392FF8-1504-4A13-BF28-F1DB54FA612B}.Debug|x64.Build.0 = Debug|x64
		{FC392FF8-1504-4A13-BF28-F1DB54FA612B}.Debug|x86.ActiveCfg = Debug|Win32
		{FC392FF8-1504-4A13-BF28-F1DB54FA612B}.Debug|x86.Build.0 = Debug|Win32
		{FC392FF8-1504-4A13-BF28-F1DB54FA612B}.Release|x64.ActiveCfg = Release|x64
		{FC392FF8-1504-4A13-BF28-F1DB54FA612B}.Release|x64.Build.0 = Release|x64
		{FC392FF8-1504-4A13-BF28-F1DB54FA612B}.Release|x86.ActiveCfg = Release|Win32
		{FC392FF8-1504-4A13-BF28-F1DB54FA612B}.Release|x86.Build.0 = Release|Win32
	EndGlobalSection
	GlobalSection(SolutionProperties) = preSolution
		HideSolutionNode = FALSE
	EndGlobalSection
	GlobalSection(ExtensibilityGlobals) = postSolution
		SolutionGuid = {F3EAF23C-A757-4CB1-8C36-6BD1B26405B9}
	EndGlobalSection
EndGlobal
