
Microsoft Visual Studio Solution File, Format Version 12.00
# Visual Studio Version 17
VisualStudioVersion = 17.8.34511.84
MinimumVisualStudioVersion = 10.0.40219.1
Project("{8BC9CEB8-8B4A-11D0-8D11-00A0C91BC942}") = "Datetime Local UTC Time", "Datetime Local UTC Time\Datetime Local UTC Time.vcxproj", "{CF638C1F-3ED3-4AAE-8F8A-FACC01FA1C6D}"
EndProject
Global
	GlobalSection(SolutionConfigurationPlatforms) = preSolution
		Debug|x64 = Debug|x64
		Debug|x86 = Debug|x86
		Release|x64 = Release|x64
		Release|x86 = Release|x86
	EndGlobalSection
	GlobalSection(ProjectConfigurationPlatforms) = postSolution
		{CF638C1F-3ED3-4AAE-8F8A-FACC01FA1C6D}.Debug|x64.ActiveCfg = Debug|x64
		{CF638C1F-3ED3-4AAE-8F8A-FACC01FA1C6D}.Debug|x64.Build.0 = Debug|x64
		{CF638C1F-3ED3-4AAE-8F8A-FACC01FA1C6D}.Debug|x86.ActiveCfg = Debug|Win32
		{CF638C1F-3ED3-4AAE-8F8A-FACC01FA1C6D}.Debug|x86.Build.0 = Debug|Win32
		{CF638C1F-3ED3-4AAE-8F8A-FACC01FA1C6D}.Release|x64.ActiveCfg = Release|x64
		{CF638C1F-3ED3-4AAE-8F8A-FACC01FA1C6D}.Release|x64.Build.0 = Release|x64
		{CF638C1F-3ED3-4AAE-8F8A-FACC01FA1C6D}.Release|x86.ActiveCfg = Release|Win32
		{CF638C1F-3ED3-4AAE-8F8A-FACC01FA1C6D}.Release|x86.Build.0 = Release|Win32
	EndGlobalSection
	GlobalSection(SolutionProperties) = preSolution
		HideSolutionNode = FALSE
	EndGlobalSection
	GlobalSection(ExtensibilityGlobals) = postSolution
		SolutionGuid = {70F953C6-5EE6-4CA8-94F4-AA5FB4EC588C}
	EndGlobalSection
EndGlobal
